
Microsoft Visual Studio Solution File, Format Version 12.00
# Visual Studio Version 16
VisualStudioVersion = 16.0.30204.135
MinimumVisualStudioVersion = 10.0.40219.1
Project("{FAE04EC0-301F-11D3-BF4B-00C04F79EFBC}") = "AdContact", "AdContact.csproj", "{959B7518-711D-4A55-A78E-A70F134FA638}"
EndProject
Global
	GlobalSection(SolutionConfigurationPlatforms) = preSolution
		Debug|Any CPU = Debug|Any CPU
		Release|Any CPU = Release|Any CPU
	EndGlobalSection
	GlobalSection(ProjectConfigurationPlatforms) = postSolution
		{959B7518-711D-4A55-A78E-A70F134FA638}.Debug|Any CPU.ActiveCfg = Debug|Any CPU
		{959B7518-711D-4A55-A78E-A70F134FA638}.Debug|Any CPU.Build.0 = Debug|Any CPU
		{959B7518-711D-4A55-A78E-A70F134FA638}.Release|Any CPU.ActiveCfg = Release|Any CPU
		{959B7518-711D-4A55-A78E-A70F134FA638}.Release|Any CPU.Build.0 = Release|Any CPU
	EndGlobalSection
	GlobalSection(SolutionProperties) = preSolution
		HideSolutionNode = FALSE
	EndGlobalSection
	GlobalSection(ExtensibilityGlobals) = postSolution
		SolutionGuid = {E0979ADD-CE99-4C2A-8774-58A06B742370}
	EndGlobalSection
EndGlobal
